{
    "_readme": [
        "This file locks the dependencies of your project to a known state",
        "Read more about it at https://getcomposer.org/doc/01-basic-usage.md#installing-dependencies",
        "This file is @generated automatically"
    ],
    "content-hash": "9450a064f06e01c01939888e7fccbbf4",
    "packages": [
        {
            "name": "fig/http-message-util",
            "version": "1.1.5",
            "source": {
                "type": "git",
                "url": "https://github.com/php-fig/http-message-util.git",
                "reference": "9d94dc0154230ac39e5bf89398b324a86f63f765"
            },
            "dist": {
                "type": "zip",
                "url": "https://api.github.com/repos/php-fig/http-message-util/zipball/9d94dc0154230ac39e5bf89398b324a86f63f765",
                "reference": "9d94dc0154230ac39e5bf89398b324a86f63f765",
                "shasum": ""
            },
            "require": {
                "php": "^5.3 || ^7.0 || ^8.0"
            },
            "suggest": {
                "psr/http-message": "The package containing the PSR-7 interfaces"
            },
            "type": "library",
            "extra": {
                "branch-alias": {
                    "dev-master": "1.1.x-dev"
                }
            },
            "autoload": {
                "psr-4": {
                    "Fig\\Http\\Message\\": "src/"
                }
            },
            "notification-url": "https://packagist.org/downloads/",
            "license": [
                "MIT"
            ],
            "authors": [
                {
                    "name": "PHP-FIG",
                    "homepage": "https://www.php-fig.org/"
                }
            ],
            "description": "Utility classes and constants for use with PSR-7 (psr/http-message)",
            "keywords": [
                "http",
                "http-message",
                "psr",
                "psr-7",
                "request",
                "response"
            ],
            "support": {
                "issues": "https://github.com/php-fig/http-message-util/issues",
                "source": "https://github.com/php-fig/http-message-util/tree/1.1.5"
            },
            "time": "2020-11-24T22:02:12+00:00"
        },
        {
            "name": "francerz/crypto",
            "version": "v0.1.1",
            "source": {
                "type": "git",
                "url": "https://github.com/francerz/php-crypto.git",
                "reference": "8f1d4d546a73f3d136ef9524432956bbadd43b70"
            },
            "dist": {
                "type": "zip",
                "url": "https://api.github.com/repos/francerz/php-crypto/zipball/8f1d4d546a73f3d136ef9524432956bbadd43b70",
                "reference": "8f1d4d546a73f3d136ef9524432956bbadd43b70",
                "shasum": ""
            },
            "require-dev": {
                "phpunit/phpunit": "^9.5"
            },
            "type": "library",
            "autoload": {
                "psr-4": {
                    "Francerz\\Crypto\\": "src/"
                }
            },
            "notification-url": "https://packagist.org/downloads/",
            "license": [
                "ISC"
            ],
            "support": {
                "issues": "https://github.com/francerz/php-crypto/issues",
                "source": "https://github.com/francerz/php-crypto/tree/v0.1.1"
            },
            "time": "2023-06-22T19:54:56+00:00"
        },
        {
            "name": "francerz/enum",
            "version": "v0.1.1",
            "source": {
                "type": "git",
                "url": "https://github.com/francerz/php-enum.git",
                "reference": "02ccd3dc0b2aebd94db0e297430c8a71d5acba8b"
            },
            "dist": {
                "type": "zip",
                "url": "https://api.github.com/repos/francerz/php-enum/zipball/02ccd3dc0b2aebd94db0e297430c8a71d5acba8b",
                "reference": "02ccd3dc0b2aebd94db0e297430c8a71d5acba8b",
                "shasum": ""
            },
            "require-dev": {
                "phpunit/phpunit": "^9.5"
            },
            "type": "library",
            "autoload": {
                "psr-4": {
                    "Francerz\\Enum\\": "src/"
                }
            },
            "notification-url": "https://packagist.org/downloads/",
            "license": [
                "MIT"
            ],
            "authors": [
                {
                    "name": "Francerz",
                    "email": "francerzam@hotmail.com"
                }
            ],
            "description": "PHP Enumeration tool",
            "support": {
                "issues": "https://github.com/francerz/php-enum/issues",
                "source": "https://github.com/francerz/php-enum/tree/v0.1.1"
            },
            "time": "2021-10-18T14:08:19+00:00"
        },
        {
            "name": "francerz/http",
            "version": "v0.3.18",
            "source": {
                "type": "git",
                "url": "https://github.com/francerz/php-http.git",
                "reference": "48bee984dc74b16fa2601d4a91d3d2e5bb38f296"
            },
            "dist": {
                "type": "zip",
                "url": "https://api.github.com/repos/francerz/php-http/zipball/48bee984dc74b16fa2601d4a91d3d2e5bb38f296",
                "reference": "48bee984dc74b16fa2601d4a91d3d2e5bb38f296",
                "shasum": ""
            },
            "require": {
                "fig/http-message-util": "^1.1",
                "francerz/http-utils": "^0.2",
                "francerz/php-power-data": "^0.1",
                "psr/http-client": "^1.0",
                "psr/http-factory": "^1.0",
                "psr/http-message": "^1.0"
            },
            "require-dev": {
                "phpunit/phpunit": "^8.5"
            },
            "type": "library",
            "autoload": {
                "psr-4": {
                    "Francerz\\Http\\": "src"
                }
            },
            "notification-url": "https://packagist.org/downloads/",
            "description": "Basic HTTP client",
            "support": {
                "issues": "https://github.com/francerz/php-http/issues",
                "source": "https://github.com/francerz/php-http/tree/v0.3.18"
            },
            "time": "2023-09-04T17:28:02+00:00"
        },
        {
            "name": "francerz/http-utils",
            "version": "v0.2.54",
            "source": {
                "type": "git",
                "url": "https://github.com/francerz/php-http-utils.git",
                "reference": "2e5e3ea986d605d3091b58efbc71f42020baabe9"
            },
            "dist": {
                "type": "zip",
                "url": "https://api.github.com/repos/francerz/php-http-utils/zipball/2e5e3ea986d605d3091b58efbc71f42020baabe9",
                "reference": "2e5e3ea986d605d3091b58efbc71f42020baabe9",
                "shasum": ""
            },
            "require": {
                "fig/http-message-util": "^1.1",
                "psr/http-factory": "^1.0",
                "psr/http-message": "^1.0"
            },
            "require-dev": {
                "phpunit/phpunit": "^8.5"
            },
            "type": "library",
            "autoload": {
                "files": [
                    "src/functions.php"
                ],
                "psr-4": {
                    "Francerz\\Http\\Utils\\": "src/utils",
                    "Francerz\\Http\\Utils\\Headers\\": "src/headers",
                    "Francerz\\Http\\Utils\\Constants\\": "src/constants",
                    "Francerz\\Http\\Utils\\Exceptions\\": "src/exceptions"
                }
            },
            "notification-url": "https://packagist.org/downloads/",
            "license": [
                "MIT"
            ],
            "authors": [
                {
                    "name": "Francerz",
                    "email": "francerzam@hotmail.com"
                }
            ],
            "description": "PHP HTTP utils compatible with PSR-7, PSR-17",
            "keywords": [
                "http",
                "http-factory",
                "http-message",
                "psr-17",
                "psr-7"
            ],
            "support": {
                "issues": "https://github.com/francerz/php-http-utils/issues",
                "source": "https://github.com/francerz/php-http-utils/tree/v0.2.54"
            },
            "time": "2023-07-12T15:21:17+00:00"
        },
        {
            "name": "francerz/json-tools",
            "version": "v0.1.0",
            "source": {
                "type": "git",
                "url": "https://github.com/francerz/php-json-tools.git",
                "reference": "97e6fbe49d2f0fafa5e328961af921074ad634c4"
            },
            "dist": {
                "type": "zip",
                "url": "https://api.github.com/repos/francerz/php-json-tools/zipball/97e6fbe49d2f0fafa5e328961af921074ad634c4",
                "reference": "97e6fbe49d2f0fafa5e328961af921074ad634c4",
                "shasum": ""
            },
            "require-dev": {
                "phpunit/phpunit": "^9.5"
            },
            "type": "library",
            "autoload": {
                "psr-4": {
                    "Francerz\\JsonTools\\": "src/"
                }
            },
            "notification-url": "https://packagist.org/downloads/",
            "license": [
                "ISC"
            ],
            "description": "Tools for encoding and decoding json objects.",
            "support": {
                "issues": "https://github.com/francerz/php-json-tools/issues",
                "source": "https://github.com/francerz/php-json-tools/tree/v0.1.0"
            },
            "time": "2022-12-06T16:09:36+00:00"
        },
        {
            "name": "francerz/oauth2-client",
            "version": "v0.3.4",
            "source": {
                "type": "git",
                "url": "https://github.com/francerz/php-oauth2-client.git",
                "reference": "54f8f56839fb6fce12937a8dbc14c202943f2712"
            },
            "dist": {
                "type": "zip",
                "url": "https://api.github.com/repos/francerz/php-oauth2-client/zipball/54f8f56839fb6fce12937a8dbc14c202943f2712",
                "reference": "54f8f56839fb6fce12937a8dbc14c202943f2712",
                "shasum": ""
            },
            "require": {
                "francerz/oauth2-core": "^0.3",
                "francerz/php-power-data": "^0.1.0",
                "psr/http-client": "^1.0",
                "psr/http-message": "^1.0"
            },
            "require-dev": {
                "francerz/http": "^0.3",
                "phpunit/phpunit": "^8.5"
            },
            "type": "library",
            "autoload": {
                "psr-4": {
                    "Francerz\\OAuth2\\Client\\": "src"
                }
            },
            "notification-url": "https://packagist.org/downloads/",
            "license": [
                "MIT"
            ],
            "description": "Client side OAuth 2.0 Authorization Framework library",
            "keywords": [
                "oauth2",
                "psr-7"
            ],
            "support": {
                "issues": "https://github.com/francerz/php-oauth2-client/issues",
                "source": "https://github.com/francerz/php-oauth2-client/tree/v0.3.4"
            },
            "time": "2023-08-07T18:50:21+00:00"
        },
        {
            "name": "francerz/oauth2-core",
            "version": "v0.3.5",
            "source": {
                "type": "git",
                "url": "https://github.com/francerz/php-oauth2-core.git",
                "reference": "4f29c57f49cf1da02f278641929ea9233b096679"
            },
            "dist": {
                "type": "zip",
                "url": "https://api.github.com/repos/francerz/php-oauth2-core/zipball/4f29c57f49cf1da02f278641929ea9233b096679",
                "reference": "4f29c57f49cf1da02f278641929ea9233b096679",
                "shasum": ""
            },
            "require": {
                "francerz/enum": "^0.1.1",
                "francerz/http-utils": "^0.2",
                "psr/http-message": "^1.0"
            },
            "require-dev": {
                "francerz/http": "^0.3.10",
                "phpunit/phpunit": "^8.5"
            },
            "type": "library",
            "autoload": {
                "psr-4": {
                    "Francerz\\OAuth2\\": "src"
                }
            },
            "notification-url": "https://packagist.org/downloads/",
            "license": [
                "MIT"
            ],
            "description": "Core classes for francer/php-oauth2 packages",
            "keywords": [
                "oauth2",
                "psr-7"
            ],
            "support": {
                "issues": "https://github.com/francerz/php-oauth2-core/issues",
                "source": "https://github.com/francerz/php-oauth2-core/tree/v0.3.5"
            },
            "time": "2023-06-15T16:55:14+00:00"
        },
        {
            "name": "francerz/php-power-data",
            "version": "v0.1.36",
            "source": {
                "type": "git",
                "url": "https://github.com/francerz/php-power-data.git",
                "reference": "86287a39409f30cb312a77b1fc233d1366a23eea"
            },
            "dist": {
                "type": "zip",
                "url": "https://api.github.com/repos/francerz/php-power-data/zipball/86287a39409f30cb312a77b1fc233d1366a23eea",
                "reference": "86287a39409f30cb312a77b1fc233d1366a23eea",
                "shasum": ""
            },
            "type": "library",
            "autoload": {
                "psr-4": {
                    "Francerz\\PowerData\\": "src"
                }
            },
            "notification-url": "https://packagist.org/downloads/",
            "authors": [
                {
                    "name": "Francisco CZ"
                }
            ],
            "description": "PHP data structures for complex data handling",
            "support": {
                "issues": "https://github.com/francerz/php-power-data/issues",
                "source": "https://github.com/francerz/php-power-data/tree/v0.1.36"
            },
            "time": "2023-11-29T19:12:39+00:00"
        },
        {
            "name": "psr/http-client",
            "version": "1.0.3",
            "source": {
                "type": "git",
                "url": "https://github.com/php-fig/http-client.git",
                "reference": "bb5906edc1c324c9a05aa0873d40117941e5fa90"
            },
            "dist": {
                "type": "zip",
                "url": "https://api.github.com/repos/php-fig/http-client/zipball/bb5906edc1c324c9a05aa0873d40117941e5fa90",
                "reference": "bb5906edc1c324c9a05aa0873d40117941e5fa90",
                "shasum": ""
            },
            "require": {
                "php": "^7.0 || ^8.0",
                "psr/http-message": "^1.0 || ^2.0"
            },
            "type": "library",
            "extra": {
                "branch-alias": {
                    "dev-master": "1.0.x-dev"
                }
            },
            "autoload": {
                "psr-4": {
                    "Psr\\Http\\Client\\": "src/"
                }
            },
            "notification-url": "https://packagist.org/downloads/",
            "license": [
                "MIT"
            ],
            "authors": [
                {
                    "name": "PHP-FIG",
                    "homepage": "https://www.php-fig.org/"
                }
            ],
            "description": "Common interface for HTTP clients",
            "homepage": "https://github.com/php-fig/http-client",
            "keywords": [
                "http",
                "http-client",
                "psr",
                "psr-18"
            ],
            "support": {
                "source": "https://github.com/php-fig/http-client"
            },
            "time": "2023-09-23T14:17:50+00:00"
        },
        {
            "name": "psr/http-factory",
            "version": "1.0.2",
            "source": {
                "type": "git",
                "url": "https://github.com/php-fig/http-factory.git",
                "reference": "e616d01114759c4c489f93b099585439f795fe35"
            },
            "dist": {
                "type": "zip",
                "url": "https://api.github.com/repos/php-fig/http-factory/zipball/e616d01114759c4c489f93b099585439f795fe35",
                "reference": "e616d01114759c4c489f93b099585439f795fe35",
                "shasum": ""
            },
            "require": {
                "php": ">=7.0.0",
                "psr/http-message": "^1.0 || ^2.0"
            },
            "type": "library",
            "extra": {
                "branch-alias": {
                    "dev-master": "1.0.x-dev"
                }
            },
            "autoload": {
                "psr-4": {
                    "Psr\\Http\\Message\\": "src/"
                }
            },
            "notification-url": "https://packagist.org/downloads/",
            "license": [
                "MIT"
            ],
            "authors": [
                {
                    "name": "PHP-FIG",
                    "homepage": "https://www.php-fig.org/"
                }
            ],
            "description": "Common interfaces for PSR-7 HTTP message factories",
            "keywords": [
                "factory",
                "http",
                "message",
                "psr",
                "psr-17",
                "psr-7",
                "request",
                "response"
            ],
            "support": {
                "source": "https://github.com/php-fig/http-factory/tree/1.0.2"
            },
            "time": "2023-04-10T20:10:41+00:00"
        },
        {
            "name": "psr/http-message",
            "version": "1.1",
            "source": {
                "type": "git",
                "url": "https://github.com/php-fig/http-message.git",
                "reference": "cb6ce4845ce34a8ad9e68117c10ee90a29919eba"
            },
            "dist": {
                "type": "zip",
                "url": "https://api.github.com/repos/php-fig/http-message/zipball/cb6ce4845ce34a8ad9e68117c10ee90a29919eba",
                "reference": "cb6ce4845ce34a8ad9e68117c10ee90a29919eba",
                "shasum": ""
            },
            "require": {
                "php": "^7.2 || ^8.0"
            },
            "type": "library",
            "extra": {
                "branch-alias": {
                    "dev-master": "1.1.x-dev"
                }
            },
            "autoload": {
                "psr-4": {
                    "Psr\\Http\\Message\\": "src/"
                }
            },
            "notification-url": "https://packagist.org/downloads/",
            "license": [
                "MIT"
            ],
            "authors": [
                {
                    "name": "PHP-FIG",
                    "homepage": "http://www.php-fig.org/"
                }
            ],
            "description": "Common interface for HTTP messages",
            "homepage": "https://github.com/php-fig/http-message",
            "keywords": [
                "http",
                "http-message",
                "psr",
                "psr-7",
                "request",
                "response"
            ],
            "support": {
                "source": "https://github.com/php-fig/http-message/tree/1.1"
            },
            "time": "2023-04-04T09:50:52+00:00"
        },
        {
            "name": "tecnm-dpii/cvu-api2-core",
            "version": "v0.1.12",
            "source": {
                "type": "git",
                "url": "https://github.com/tecnm-dpii/cvu-api2-core.git",
                "reference": "1e4b70e6de359fd34702f897e1c2f1173702cdfc"
            },
            "dist": {
                "type": "zip",
                "url": "https://api.github.com/repos/tecnm-dpii/cvu-api2-core/zipball/1e4b70e6de359fd34702f897e1c2f1173702cdfc",
                "reference": "1e4b70e6de359fd34702f897e1c2f1173702cdfc",
                "shasum": ""
            },
            "require": {
                "francerz/json-tools": "^0.1.0"
            },
            "type": "library",
            "autoload": {
                "psr-4": {
                    "TecNM_DPII\\CvuApi2Core\\": "src"
                }
            },
            "notification-url": "https://packagist.org/downloads/",
            "license": [
                "ISC"
            ],
            "description": "Core elements of CVU API 2.",
            "support": {
                "issues": "https://github.com/tecnm-dpii/cvu-api2-core/issues",
                "source": "https://github.com/tecnm-dpii/cvu-api2-core/tree/v0.1.12"
            },
            "time": "2023-01-27T14:07:09+00:00"
        }
    ],
    "packages-dev": [],
    "aliases": [],
    "minimum-stability": "stable",
    "stability-flags": [],
    "prefer-stable": false,
    "prefer-lowest": false,
    "platform": [],
    "platform-dev": [],
    "plugin-api-version": "2.2.0"
}
